{
	"name": "aslilac",
	"lockfileVersion": 2,
	"requires": true,
	"packages": {
		"": {
			"devDependencies": {
				"@mckayla/prettier": "^1.0.2",
				"prettier": "^2.7.1"
			}
		},
		"node_modules/@mckayla/prettier": {
			"version": "1.0.2",
			"resolved": "https://registry.npmjs.org/@mckayla/prettier/-/prettier-1.0.2.tgz",
			"integrity": "sha512-OrwPL9z4EhPH/Clj8cf0JI4Z7IddUstql3fQ5IG94IpLHgLgN750YXJ3zG8uSe+t0Irv8Be6JPa9+KUdQFNTnA==",
			"dev": true
		},
		"node_modules/prettier": {
			"version": "2.7.1",
			"resolved": "https://registry.npmjs.org/prettier/-/prettier-2.7.1.tgz",
			"integrity": "sha512-ujppO+MkdPqoVINuDFDRLClm7D78qbDt0/NR+wp5FqEZOoTNAjPHWj17QRhu7geIHJfcNhRk1XVQmF8Bp3ye+g==",
			"dev": true,
			"bin": {
				"prettier": "bin-prettier.js"
			},
			"engines": {
				"node": ">=10.13.0"
			},
			"funding": {
				"url": "https://github.com/prettier/prettier?sponsor=1"
			}
		}
	},
	"dependencies": {
		"@mckayla/prettier": {
			"version": "1.0.2",
			"resolved": "https://registry.npmjs.org/@mckayla/prettier/-/prettier-1.0.2.tgz",
			"integrity": "sha512-OrwPL9z4EhPH/Clj8cf0JI4Z7IddUstql3fQ5IG94IpLHgLgN750YXJ3zG8uSe+t0Irv8Be6JPa9+KUdQFNTnA==",
			"dev": true
		},
		"prettier": {
			"version": "2.7.1",
			"resolved": "https://registry.npmjs.org/prettier/-/prettier-2.7.1.tgz",
			"integrity": "sha512-ujppO+MkdPqoVINuDFDRLClm7D78qbDt0/NR+wp5FqEZOoTNAjPHWj17QRhu7geIHJfcNhRk1XVQmF8Bp3ye+g==",
			"dev": true
		}
	}
}
